// !$*UTF8*$!
{
	archiveVersion = 1;
	classes = {
	};
	objectVersion = 46;
	objects = {

/* Begin PBXBuildFile section */
		8B1814FF1E74E1BD002C7E41 /* lexer.cpp in Sources */ = {isa = PBXBuildFile; fileRef = 8B1814FD1E74E1BD002C7E41 /* lexer.cpp */; };
		8B841FEB1E9AC48D0084631D /* token.cpp in Sources */ = {isa = PBXBuildFile; fileRef = 8B841FE91E9AC48D0084631D /* token.cpp */; };
		8BB755DB1E6CC3010084FEAA /* main.cpp in Sources */ = {isa = PBXBuildFile; fileRef = 8BB755DA1E6CC3010084FEAA /* main.cpp */; };
/* End PBXBuildFile section */

/* Begin PBXCopyFilesBuildPhase section */
		8BB755D51E6CC3000084FEAA /* CopyFiles */ = {
			isa = PBXCopyFilesBuildPhase;
			buildActionMask = 2147483647;
			dstPath = /usr/share/man/man1/;
			dstSubfolderSpec = 0;
			files = (
			);
			runOnlyForDeploymentPostprocessing = 1;
		};
/* End PBXCopyFilesBuildPhase section */

/* Begin PBXFileReference section */
		8B1814FD1E74E1BD002C7E41 /* lexer.cpp */ = {isa = PBXFileReference; fileEncoding = 4; lastKnownFileType = sourcecode.cpp.cpp; path = lexer.cpp; sourceTree = "<group>"; };
		8B1814FE1E74E1BD002C7E41 /* lexer.hpp */ = {isa = PBXFileReference; fileEncoding = 4; lastKnownFileType = sourcecode.cpp.h; path = lexer.hpp; sourceTree = "<group>"; };
		8B841FE91E9AC48D0084631D /* token.cpp */ = {isa = PBXFileReference; fileEncoding = 4; lastKnownFileType = sourcecode.cpp.cpp; path = token.cpp; sourceTree = "<group>"; };
		8B841FEA1E9AC48D0084631D /* token.hpp */ = {isa = PBXFileReference; fileEncoding = 4; lastKnownFileType = sourcecode.cpp.h; path = token.hpp; sourceTree = "<group>"; };
		8BB755D71E6CC3000084FEAA /* Yoyo */ = {isa = PBXFileReference; explicitFileType = "compiled.mach-o.executable"; includeInIndex = 0; path = Yoyo; sourceTree = BUILT_PRODUCTS_DIR; };
		8BB755DA1E6CC3010084FEAA /* main.cpp */ = {isa = PBXFileReference; lastKnownFileType = sourcecode.cpp.cpp; path = main.cpp; sourceTree = "<group>"; };
/* End PBXFileReference section */

/* Begin PBXFrameworksBuildPhase section */
		8BB755D41E6CC3000084FEAA /* Frameworks */ = {
			isa = PBXFrameworksBuildPhase;
			buildActionMask = 2147483647;
			files = (
			);
			runOnlyForDeploymentPostprocessing = 0;
		};
/* End PBXFrameworksBuildPhase section */

/* Begin PBXGroup section */
		8BB755CE1E6CC3000084FEAA = {
			isa = PBXGroup;
			children = (
				8BB755D91E6CC3000084FEAA /* Yoyo */,
				8BB755D81E6CC3000084FEAA /* Products */,
			);
			sourceTree = "<group>";
		};
		8BB755D81E6CC3000084FEAA /* Products */ = {
			isa = PBXGroup;
			children = (
				8BB755D71E6CC3000084FEAA /* Yoyo */,
			);
			name = Products;
			sourceTree = "<group>";
		};
		8BB755D91E6CC3000084FEAA /* Yoyo */ = {
			isa = PBXGroup;
			children = (
				8BB755DA1E6CC3010084FEAA /* main.cpp */,
				8B841FEA1E9AC48D0084631D /* token.hpp */,
				8B841FE91E9AC48D0084631D /* token.cpp */,
				8B1814FE1E74E1BD002C7E41 /* lexer.hpp */,
				8B1814FD1E74E1BD002C7E41 /* lexer.cpp */,
			);
			path = Yoyo;
			sourceTree = "<group>";
		};
/* End PBXGroup section */

/* Begin PBXNativeTarget section */
		8BB755D61E6CC3000084FEAA /* Yoyo */ = {
			isa = PBXNativeTarget;
			buildConfigurationList = 8BB755DE1E6CC3010084FEAA /* Build configuration list for PBXNativeTarget "Yoyo" */;
			buildPhases = (
				8BB755D31E6CC3000084FEAA /* Sources */,
				8BB755D41E6CC3000084FEAA /* Frameworks */,
				8BB755D51E6CC3000084FEAA /* CopyFiles */,
			);
			buildRules = (
			);
			dependencies = (
			);
			name = Yoyo;
			productName = Yoyo;
			productReference = 8BB755D71E6CC3000084FEAA /* Yoyo */;
			productType = "com.apple.product-type.tool";
		};
/* End PBXNativeTarget section */

/* Begin PBXProject section */
		8BB755CF1E6CC3000084FEAA /* Project object */ = {
			isa = PBXProject;
			attributes = {
				LastUpgradeCheck = 0800;
				ORGANIZATIONNAME = "Yaron Koller";
				TargetAttributes = {
					8BB755D61E6CC3000084FEAA = {
						CreatedOnToolsVersion = 8.0;
						ProvisioningStyle = Automatic;
					};
				};
			};
			buildConfigurationList = 8BB755D21E6CC3000084FEAA /* Build configuration list for PBXProject "Yoyo" */;
			compatibilityVersion = "Xcode 3.2";
			developmentRegion = English;
			hasScannedForEncodings = 0;
			knownRegions = (
				en,
			);
			mainGroup = 8BB755CE1E6CC3000084FEAA;
			productRefGroup = 8BB755D81E6CC3000084FEAA /* Products */;
			projectDirPath = "";
			projectRoot = "";
			targets = (
				8BB755D61E6CC3000084FEAA /* Yoyo */,
			);
		};
/* End PBXProject section */

/* Begin PBXSourcesBuildPhase section */
		8BB755D31E6CC3000084FEAA /* Sources */ = {
			isa = PBXSourcesBuildPhase;
			buildActionMask = 2147483647;
			files = (
				8B1814FF1E74E1BD002C7E41 /* lexer.cpp in Sources */,
				8BB755DB1E6CC3010084FEAA /* main.cpp in Sources */,
				8B841FEB1E9AC48D0084631D /* token.cpp in Sources */,
			);
			runOnlyForDeploymentPostprocessing = 0;
		};
/* End PBXSourcesBuildPhase section */

/* Begin XCBuildConfiguration section */
		8BB755DC1E6CC3010084FEAA /* Debug */ = {
			isa = XCBuildConfiguration;
			buildSettings = {
				ALWAYS_SEARCH_USER_PATHS = NO;
				CLANG_ANALYZER_NONNULL = YES;
				CLANG_CXX_LANGUAGE_STANDARD = "gnu++0x";
				CLANG_CXX_LIBRARY = "libc++";
				CLANG_ENABLE_MODULES = YES;
				CLANG_ENABLE_OBJC_ARC = YES;
				CLANG_WARN_BOOL_CONVERSION = YES;
				CLANG_WARN_CONSTANT_CONVERSION = YES;
				CLANG_WARN_DIRECT_OBJC_ISA_USAGE = YES_ERROR;
				CLANG_WARN_DOCUMENTATION_COMMENTS = YES;
				CLANG_WARN_EMPTY_BODY = YES;
				CLANG_WARN_ENUM_CONVERSION = YES;
				CLANG_WARN_INFINITE_RECURSION = YES;
				CLANG_WARN_INT_CONVERSION = YES;
				CLANG_WARN_OBJC_ROOT_CLASS = YES_ERROR;
				CLANG_WARN_SUSPICIOUS_MOVES = YES;
				CLANG_WARN_UNREACHABLE_CODE = YES;
				CLANG_WARN__DUPLICATE_METHOD_MATCH = YES;
				CODE_SIGN_IDENTITY = "-";
				COPY_PHASE_STRIP = NO;
				DEBUG_INFORMATION_FORMAT = dwarf;
				ENABLE_STRICT_OBJC_MSGSEND = YES;
				ENABLE_TESTABILITY = YES;
				GCC_C_LANGUAGE_STANDARD = gnu99;
				GCC_DYNAMIC_NO_PIC = NO;
				GCC_NO_COMMON_BLOCKS = YES;
				GCC_OPTIMIZATION_LEVEL = 0;
				GCC_PREPROCESSOR_DEFINITIONS = (
					"DEBUG=1",
					"$(inherited)",
				);
				GCC_WARN_64_TO_32_BIT_CONVERSION = YES;
				GCC_WARN_ABOUT_RETURN_TYPE = YES_ERROR;
				GCC_WARN_UNDECLARED_SELECTOR = YES;
				GCC_WARN_UNINITIALIZED_AUTOS = YES_AGGRESSIVE;
				GCC_WARN_UNUSED_FUNCTION = YES;
				GCC_WARN_UNUSED_VARIABLE = YES;
				MACOSX_DEPLOYMENT_TARGET = 10.12;
				MTL_ENABLE_DEBUG_INFO = YES;
				ONLY_ACTIVE_ARCH = YES;
				SDKROOT = macosx;
			};
			name = Debug;
		};
		8BB755DD1E6CC3010084FEAA /* Release */ = {
			isa = XCBuildConfiguration;
			buildSettings = {
				ALWAYS_SEARCH_USER_PATHS = NO;
				CLANG_ANALYZER_NONNULL = YES;
				CLANG_CXX_LANGUAGE_STANDARD = "gnu++0x";
				CLANG_CXX_LIBRARY = "libc++";
				CLANG_ENABLE_MODULES = YES;
				CLANG_ENABLE_OBJC_ARC = YES;
				CLANG_WARN_BOOL_CONVERSION = YES;
				CLANG_WARN_CONSTANT_CONVERSION = YES;
				CLANG_WARN_DIRECT_OBJC_ISA_USAGE = YES_ERROR;
				CLANG_WARN_DOCUMENTATION_COMMENTS = YES;
				CLANG_WARN_EMPTY_BODY = YES;
				CLANG_WARN_ENUM_CONVERSION = YES;
				CLANG_WARN_INFINITE_RECURSION = YES;
				CLANG_WARN_INT_CONVERSION = YES;
				CLANG_WARN_OBJC_ROOT_CLASS = YES_ERROR;
				CLANG_WARN_SUSPICIOUS_MOVES = YES;
				CLANG_WARN_UNREACHABLE_CODE = YES;
				CLANG_WARN__DUPLICATE_METHOD_MATCH = YES;
				CODE_SIGN_IDENTITY = "-";
				COPY_PHASE_STRIP = NO;
				DEBUG_INFORMATION_FORMAT = "dwarf-with-dsym";
				ENABLE_NS_ASSERTIONS = NO;
				ENABLE_STRICT_OBJC_MSGSEND = YES;
				GCC_C_LANGUAGE_STANDARD = gnu99;
				GCC_NO_COMMON_BLOCKS = YES;
				GCC_WARN_64_TO_32_BIT_CONVERSION = YES;
				GCC_WARN_ABOUT_RETURN_TYPE = YES_ERROR;
				GCC_WARN_UNDECLARED_SELECTOR = YES;
				GCC_WARN_UNINITIALIZED_AUTOS = YES_AGGRESSIVE;
				GCC_WARN_UNUSED_FUNCTION = YES;
				GCC_WARN_UNUSED_VARIABLE = YES;
				MACOSX_DEPLOYMENT_TARGET = 10.12;
				MTL_ENABLE_DEBUG_INFO = NO;
				SDKROOT = macosx;
			};
			name = Release;
		};
		8BB755DF1E6CC3010084FEAA /* Debug */ = {
			isa = XCBuildConfiguration;
			buildSettings = {
				PRODUCT_NAME = "$(TARGET_NAME)";
			};
			name = Debug;
		};
		8BB755E01E6CC3010084FEAA /* Release */ = {
			isa = XCBuildConfiguration;
			buildSettings = {
				PRODUCT_NAME = "$(TARGET_NAME)";
			};
			name = Release;
		};
/* End XCBuildConfiguration section */

/* Begin XCConfigurationList section */
		8BB755D21E6CC3000084FEAA /* Build configuration list for PBXProject "Yoyo" */ = {
			isa = XCConfigurationList;
			buildConfigurations = (
				8BB755DC1E6CC3010084FEAA /* Debug */,
				8BB755DD1E6CC3010084FEAA /* Release */,
			);
			defaultConfigurationIsVisible = 0;
			defaultConfigurationName = Release;
		};
		8BB755DE1E6CC3010084FEAA /* Build configuration list for PBXNativeTarget "Yoyo" */ = {
			isa = XCConfigurationList;
			buildConfigurations = (
				8BB755DF1E6CC3010084FEAA /* Debug */,
				8BB755E01E6CC3010084FEAA /* Release */,
			);
			defaultConfigurationIsVisible = 0;
			defaultConfigurationName = Release;
		};
/* End XCConfigurationList section */
	};
	rootObject = 8BB755CF1E6CC3000084FEAA /* Project object */;
}
